hash: 9f54594883569edc0d71da4c92fdffbedc558330ce08ae38011ae7ff756ea80a
updated: 2018-06-04T10:22:32.845314277+08:00
imports:
- name: github.com/globalsign/mgo
  version: efe0945164a7e582241f37ae8983c075f8f2e870
  subpackages:
  - bson
  - internal/json
  - internal/sasl
  - internal/scram
- name: github.com/golang/snappy
  version: 2e65f85255dbc3072edf28d6b5b8efc472979f5a
- name: github.com/gorilla/websocket
  version: c17c80cb48b806045fc338c94c849909a2e41c12
- name: github.com/nsqio/go-nsq
  version: 8c1ff52dff6fd3ecc19c418649bc643b18e862fc
- name: github.com/satori/go.uuid
  version: f58768cc1a7a7e77a3bd49e98cdd21419399b6a3
testImports: []
